{
  "version": 4,
  "terraform_version": "0.13.2",
  "serial": 4,
  "lineage": "fa7c0c25-0923-22ad-fd75-7c66f108cba8",
  "outputs": {
    "bucket_arn": {
      "value": "arn:aws:s3:::terraform-witadvisor-production",
      "type": "string"
    },
    "bucket_id": {
      "value": "terraform-witadvisor-production",
      "type": "string"
    }
  },
  "resources": [
    {
      "mode": "managed",
      "type": "aws_s3_bucket",
      "name": "bucket",
      "provider": "provider[\"registry.terraform.io/hashicorp/aws\"]",
      "instances": [
        {
          "schema_version": 0,
          "attributes": {
            "acceleration_status": "",
            "acl": "private",
            "arn": "arn:aws:s3:::terraform-witadvisor-production",
            "bucket": "terraform-witadvisor-production",
            "bucket_domain_name": "terraform-witadvisor-production.s3.amazonaws.com",
            "bucket_prefix": null,
            "bucket_regional_domain_name": "terraform-witadvisor-production.s3.amazonaws.com",
            "cors_rule": [],
            "force_destroy": false,
            "grant": [],
            "hosted_zone_id": "Z3AQBSTGFYJSTF",
            "id": "terraform-witadvisor-production",
            "lifecycle_rule": [],
            "logging": [],
            "object_lock_configuration": [],
            "policy": null,
            "region": "us-east-1",
            "replication_configuration": [],
            "request_payer": "BucketOwner",
            "server_side_encryption_configuration": [],
            "tags": {
              "Creator": "reinaldoleon",
              "Environment": "production",
              "Name": "terraform-witadvisor-production",
              "Terraform": "true"
            },
            "versioning": [
              {
                "enabled": false,
                "mfa_delete": false
              }
            ],
            "website": [],
            "website_domain": null,
            "website_endpoint": null
          },
          "private": "bnVsbA=="
        }
      ]
    }
  ]
}
